
Microsoft Visual Studio Solution File, Format Version 12.00
# Visual Studio Version 17
VisualStudioVersion = 17.3.32811.315
MinimumVisualStudioVersion = 10.0.40219.1
Project("{FAE04EC0-301F-11D3-BF4B-00C04F79EFBC}") = "AddressBook", "AddressBook.csproj", "{FEC924BB-92AE-459C-8E36-723C3A471455}"
EndProject
Global
	GlobalSection(SolutionConfigurationPlatforms) = preSolution
		Debug|Any CPU = Debug|Any CPU
		Release|Any CPU = Release|Any CPU
	EndGlobalSection
	GlobalSection(ProjectConfigurationPlatforms) = postSolution
		{FEC924BB-92AE-459C-8E36-723C3A471455}.Debug|Any CPU.ActiveCfg = Debug|Any CPU
		{FEC924BB-92AE-459C-8E36-723C3A471455}.Debug|Any CPU.Build.0 = Debug|Any CPU
		{FEC924BB-92AE-459C-8E36-723C3A471455}.Release|Any CPU.ActiveCfg = Release|Any CPU
		{FEC924BB-92AE-459C-8E36-723C3A471455}.Release|Any CPU.Build.0 = Release|Any CPU
	EndGlobalSection
	GlobalSection(SolutionProperties) = preSolution
		HideSolutionNode = FALSE
	EndGlobalSection
	GlobalSection(ExtensibilityGlobals) = postSolution
		SolutionGuid = {92248F7D-3346-4FDC-861F-B81CC8C7B8DF}
	EndGlobalSection
EndGlobal
